// !$*UTF8*$!
{
	archiveVersion = 1;
	classes = {
	};
	objectVersion = 46;
	objects = {

/* Begin PBXBuildFile section */
		483ACC2EC35E7BF36AA3D9D7 /* libPods-FuLingOnline-CheerforAndLearning.a in Frameworks */ = {isa = PBXBuildFile; fileRef = 52C276BA2D1AFFC158619EE2 /* libPods-FuLingOnline-CheerforAndLearning.a */; };
		B900259C1DAE244A00B34438 /* FLXKAppNotification.m in Sources */ = {isa = PBXBuildFile; fileRef = B900259B1DAE244A00B34438 /* FLXKAppNotification.m */; };
		B9232F5B1DC6D698002D80FE /* FLXKHttpRequest副本.m in Sources */ = {isa = PBXBuildFile; fileRef = B9232F5A1DC6D698002D80FE /* FLXKHttpRequest副本.m */; };
		B92B55B51DD9679E009A373A /* CALayer+FLXKAddition.m in Sources */ = {isa = PBXBuildFile; fileRef = B92B55B41DD9679E009A373A /* CALayer+FLXKAddition.m */; };
		B92B55BB1DD98099009A373A /* UIColor+Extensions.m in Sources */ = {isa = PBXBuildFile; fileRef = B92B55B81DD98099009A373A /* UIColor+Extensions.m */; };
		B92B55BC1DD98099009A373A /* UIView+Extensions.m in Sources */ = {isa = PBXBuildFile; fileRef = B92B55BA1DD98099009A373A /* UIView+Extensions.m */; };
		B948CBEA1DD5C7A800E6ED93 /* Settings.bundle in Resources */ = {isa = PBXBuildFile; fileRef = B948CBE91DD5C7A800E6ED93 /* Settings.bundle */; };
		B94BD68A1DAE40560094CA9D /* FLXKLaunchViewController.m in Sources */ = {isa = PBXBuildFile; fileRef = B94BD6891DAE40560094CA9D /* FLXKLaunchViewController.m */; };
		B94BD6901DAE480C0094CA9D /* images.xcassets in Resources */ = {isa = PBXBuildFile; fileRef = B94BD68F1DAE480C0094CA9D /* images.xcassets */; };
		B94E83DD1DCC8B2900D2823B /* FLXKLaunchViewController.storyboard in Resources */ = {isa = PBXBuildFile; fileRef = B94E83DC1DCC8B2900D2823B /* FLXKLaunchViewController.storyboard */; };
		B94E83E01DCC942A00D2823B /* ProjectRecordNote.rtf in Resources */ = {isa = PBXBuildFile; fileRef = B94E83DF1DCC942A00D2823B /* ProjectRecordNote.rtf */; };
		B97B38DB1DD0152800D8F004 /* FLXKAdImageInfoModel.m in Sources */ = {isa = PBXBuildFile; fileRef = B97B38DA1DD0152800D8F004 /* FLXKAdImageInfoModel.m */; };
		B97B38DF1DD029D400D8F004 /* 临时草稿.rtf in Resources */ = {isa = PBXBuildFile; fileRef = B97B38DC1DD029D400D8F004 /* 临时草稿.rtf */; };
		B97B38E01DD029D400D8F004 /* 整体逻辑思路.rtf in Resources */ = {isa = PBXBuildFile; fileRef = B97B38DD1DD029D400D8F004 /* 整体逻辑思路.rtf */; };
		B97B38E11DD029D400D8F004 /* 重点难点.rtf in Resources */ = {isa = PBXBuildFile; fileRef = B97B38DE1DD029D400D8F004 /* 重点难点.rtf */; };
		B9D854B71DAC8BE2001AD79C /* main.m in Sources */ = {isa = PBXBuildFile; fileRef = B9D854B61DAC8BE2001AD79C /* main.m */; };
		B9D854BA1DAC8BE2001AD79C /* AppDelegate.m in Sources */ = {isa = PBXBuildFile; fileRef = B9D854B91DAC8BE2001AD79C /* AppDelegate.m */; };
		B9D854BD1DAC8BE2001AD79C /* ViewController.m in Sources */ = {isa = PBXBuildFile; fileRef = B9D854BC1DAC8BE2001AD79C /* ViewController.m */; };
		B9D854C01DAC8BE2001AD79C /* Main.storyboard in Resources */ = {isa = PBXBuildFile; fileRef = B9D854BE1DAC8BE2001AD79C /* Main.storyboard */; };
		B9D854C51DAC8BE2001AD79C /* LaunchScreen.storyboard in Resources */ = {isa = PBXBuildFile; fileRef = B9D854C31DAC8BE2001AD79C /* LaunchScreen.storyboard */; };
		B9D854D01DAC8BE2001AD79C /* FuLingOnline_CheerforAndLearningTests.m in Sources */ = {isa = PBXBuildFile; fileRef = B9D854CF1DAC8BE2001AD79C /* FuLingOnline_CheerforAndLearningTests.m */; };
		B9D854DB1DAC8BE2001AD79C /* FuLingOnline_CheerforAndLearningUITests.m in Sources */ = {isa = PBXBuildFile; fileRef = B9D854DA1DAC8BE2001AD79C /* FuLingOnline_CheerforAndLearningUITests.m */; };
		B9DF70781DAF76E7004C23E6 /* FLXKHttpRequest.m in Sources */ = {isa = PBXBuildFile; fileRef = B9DF70741DAF76E7004C23E6 /* FLXKHttpRequest.m */; };
		B9DF70791DAF76E7004C23E6 /* FLXKSocketHelper.m in Sources */ = {isa = PBXBuildFile; fileRef = B9DF70771DAF76E7004C23E6 /* FLXKSocketHelper.m */; };
/* End PBXBuildFile section */

/* Begin PBXContainerItemProxy section */
		B9D854CC1DAC8BE2001AD79C /* PBXContainerItemProxy */ = {
			isa = PBXContainerItemProxy;
			containerPortal = B9D854AA1DAC8BE2001AD79C /* Project object */;
			proxyType = 1;
			remoteGlobalIDString = B9D854B11DAC8BE2001AD79C;
			remoteInfo = "FuLingOnline-CheerforAndLearning";
		};
		B9D854D71DAC8BE2001AD79C /* PBXContainerItemProxy */ = {
			isa = PBXContainerItemProxy;
			containerPortal = B9D854AA1DAC8BE2001AD79C /* Project object */;
			proxyType = 1;
			remoteGlobalIDString = B9D854B11DAC8BE2001AD79C;
			remoteInfo = "FuLingOnline-CheerforAndLearning";
		};
/* End PBXContainerItemProxy section */

/* Begin PBXFileReference section */
		29C56B35CBB4500AD771DE78 /* Pods-FuLingOnline-CheerforAndLearning.debug.xcconfig */ = {isa = PBXFileReference; includeInIndex = 1; lastKnownFileType = text.xcconfig; name = "Pods-FuLingOnline-CheerforAndLearning.debug.xcconfig"; path = "Pods/Target Support Files/Pods-FuLingOnline-CheerforAndLearning/Pods-FuLingOnline-CheerforAndLearning.debug.xcconfig"; sourceTree = "<group>"; };
		52C276BA2D1AFFC158619EE2 /* libPods-FuLingOnline-CheerforAndLearning.a */ = {isa = PBXFileReference; explicitFileType = archive.ar; includeInIndex = 0; path = "libPods-FuLingOnline-CheerforAndLearning.a"; sourceTree = BUILT_PRODUCTS_DIR; };
		5F5B72A2F25635274EB9364D /* Pods-FuLingOnline-CheerforAndLearning.release.xcconfig */ = {isa = PBXFileReference; includeInIndex = 1; lastKnownFileType = text.xcconfig; name = "Pods-FuLingOnline-CheerforAndLearning.release.xcconfig"; path = "Pods/Target Support Files/Pods-FuLingOnline-CheerforAndLearning/Pods-FuLingOnline-CheerforAndLearning.release.xcconfig"; sourceTree = "<group>"; };
		B90025971DAE21F300B34438 /* FuLingOnline-CheerforAndLearning-Bridging-Header.h */ = {isa = PBXFileReference; lastKnownFileType = sourcecode.c.h; path = "FuLingOnline-CheerforAndLearning-Bridging-Header.h"; sourceTree = "<group>"; };
		B900259A1DAE244A00B34438 /* FLXKAppNotification.h */ = {isa = PBXFileReference; fileEncoding = 4; lastKnownFileType = sourcecode.c.h; path = FLXKAppNotification.h; sourceTree = "<group>"; };
		B900259B1DAE244A00B34438 /* FLXKAppNotification.m */ = {isa = PBXFileReference; fileEncoding = 4; lastKnownFileType = sourcecode.c.objc; path = FLXKAppNotification.m; sourceTree = "<group>"; };
		B9232F591DC6D698002D80FE /* FLXKHttpRequest副本.h */ = {isa = PBXFileReference; fileEncoding = 4; lastKnownFileType = sourcecode.c.h; path = "FLXKHttpRequest副本.h"; sourceTree = "<group>"; };
		B9232F5A1DC6D698002D80FE /* FLXKHttpRequest副本.m */ = {isa = PBXFileReference; fileEncoding = 4; lastKnownFileType = sourcecode.c.objc; path = "FLXKHttpRequest副本.m"; sourceTree = "<group>"; };
		B923B4D51DDABC9D00410CFC /* Global.h */ = {isa = PBXFileReference; fileEncoding = 4; lastKnownFileType = sourcecode.c.h; path = Global.h; sourceTree = "<group>"; };
		B923B4D61DDACE6E00410CFC /* FuLingOnline-CheerforAndLearning-Prefix.pch */ = {isa = PBXFileReference; fileEncoding = 4; lastKnownFileType = sourcecode.c.h; path = "FuLingOnline-CheerforAndLearning-Prefix.pch"; sourceTree = "<group>"; };
		B92B55B31DD9679E009A373A /* CALayer+FLXKAddition.h */ = {isa = PBXFileReference; fileEncoding = 4; lastKnownFileType = sourcecode.c.h; path = "CALayer+FLXKAddition.h"; sourceTree = "<group>"; };
		B92B55B41DD9679E009A373A /* CALayer+FLXKAddition.m */ = {isa = PBXFileReference; fileEncoding = 4; lastKnownFileType = sourcecode.c.objc; path = "CALayer+FLXKAddition.m"; sourceTree = "<group>"; };
		B92B55B71DD98099009A373A /* UIColor+Extensions.h */ = {isa = PBXFileReference; fileEncoding = 4; lastKnownFileType = sourcecode.c.h; path = "UIColor+Extensions.h"; sourceTree = "<group>"; };
		B92B55B81DD98099009A373A /* UIColor+Extensions.m */ = {isa = PBXFileReference; fileEncoding = 4; lastKnownFileType = sourcecode.c.objc; path = "UIColor+Extensions.m"; sourceTree = "<group>"; };
		B92B55B91DD98099009A373A /* UIView+Extensions.h */ = {isa = PBXFileReference; fileEncoding = 4; lastKnownFileType = sourcecode.c.h; path = "UIView+Extensions.h"; sourceTree = "<group>"; };
		B92B55BA1DD98099009A373A /* UIView+Extensions.m */ = {isa = PBXFileReference; fileEncoding = 4; lastKnownFileType = sourcecode.c.objc; path = "UIView+Extensions.m"; sourceTree = "<group>"; };
		B948CBE91DD5C7A800E6ED93 /* Settings.bundle */ = {isa = PBXFileReference; lastKnownFileType = "wrapper.plug-in"; path = Settings.bundle; sourceTree = "<group>"; };
		B94BD6881DAE40560094CA9D /* FLXKLaunchViewController.h */ = {isa = PBXFileReference; fileEncoding = 4; lastKnownFileType = sourcecode.c.h; path = FLXKLaunchViewController.h; sourceTree = "<group>"; };
		B94BD6891DAE40560094CA9D /* FLXKLaunchViewController.m */ = {isa = PBXFileReference; fileEncoding = 4; lastKnownFileType = sourcecode.c.objc; path = FLXKLaunchViewController.m; sourceTree = "<group>"; };
		B94BD68F1DAE480C0094CA9D /* images.xcassets */ = {isa = PBXFileReference; lastKnownFileType = folder.assetcatalog; path = images.xcassets; sourceTree = "<group>"; };
		B94E83DC1DCC8B2900D2823B /* FLXKLaunchViewController.storyboard */ = {isa = PBXFileReference; fileEncoding = 4; lastKnownFileType = file.storyboard; path = FLXKLaunchViewController.storyboard; sourceTree = "<group>"; };
		B94E83DE1DCC92DD00D2823B /* BaseConfig.h */ = {isa = PBXFileReference; lastKnownFileType = sourcecode.c.h; path = BaseConfig.h; sourceTree = "<group>"; };
		B94E83DF1DCC942A00D2823B /* ProjectRecordNote.rtf */ = {isa = PBXFileReference; fileEncoding = 4; lastKnownFileType = text.rtf; path = ProjectRecordNote.rtf; sourceTree = "<group>"; };
		B97B38D91DD0152800D8F004 /* FLXKAdImageInfoModel.h */ = {isa = PBXFileReference; fileEncoding = 4; lastKnownFileType = sourcecode.c.h; path = FLXKAdImageInfoModel.h; sourceTree = "<group>"; };
		B97B38DA1DD0152800D8F004 /* FLXKAdImageInfoModel.m */ = {isa = PBXFileReference; fileEncoding = 4; lastKnownFileType = sourcecode.c.objc; path = FLXKAdImageInfoModel.m; sourceTree = "<group>"; };
		B97B38DC1DD029D400D8F004 /* 临时草稿.rtf */ = {isa = PBXFileReference; fileEncoding = 4; lastKnownFileType = text.rtf; path = "临时草稿.rtf"; sourceTree = "<group>"; };
		B97B38DD1DD029D400D8F004 /* 整体逻辑思路.rtf */ = {isa = PBXFileReference; fileEncoding = 4; lastKnownFileType = text.rtf; path = "整体逻辑思路.rtf"; sourceTree = "<group>"; };
		B97B38DE1DD029D400D8F004 /* 重点难点.rtf */ = {isa = PBXFileReference; fileEncoding = 4; lastKnownFileType = text.rtf; path = "重点难点.rtf"; sourceTree = "<group>"; };
		B9D854B21DAC8BE2001AD79C /* FuLingOnline-CheerforAndLearning.app */ = {isa = PBXFileReference; explicitFileType = wrapper.application; includeInIndex = 0; path = "FuLingOnline-CheerforAndLearning.app"; sourceTree = BUILT_PRODUCTS_DIR; };
		B9D854B61DAC8BE2001AD79C /* main.m */ = {isa = PBXFileReference; lastKnownFileType = sourcecode.c.objc; path = main.m; sourceTree = "<group>"; };
		B9D854B81DAC8BE2001AD79C /* AppDelegate.h */ = {isa = PBXFileReference; lastKnownFileType = sourcecode.c.h; path = AppDelegate.h; sourceTree = "<group>"; };
		B9D854B91DAC8BE2001AD79C /* AppDelegate.m */ = {isa = PBXFileReference; lastKnownFileType = sourcecode.c.objc; path = AppDelegate.m; sourceTree = "<group>"; };
		B9D854BB1DAC8BE2001AD79C /* ViewController.h */ = {isa = PBXFileReference; lastKnownFileType = sourcecode.c.h; path = ViewController.h; sourceTree = "<group>"; };
		B9D854BC1DAC8BE2001AD79C /* ViewController.m */ = {isa = PBXFileReference; lastKnownFileType = sourcecode.c.objc; path = ViewController.m; sourceTree = "<group>"; };
		B9D854BF1DAC8BE2001AD79C /* Base */ = {isa = PBXFileReference; lastKnownFileType = file.storyboard; name = Base; path = Base.lproj/Main.storyboard; sourceTree = "<group>"; };
		B9D854C41DAC8BE2001AD79C /* Base */ = {isa = PBXFileReference; lastKnownFileType = file.storyboard; name = Base; path = Base.lproj/LaunchScreen.storyboard; sourceTree = "<group>"; };
		B9D854C61DAC8BE2001AD79C /* Info.plist */ = {isa = PBXFileReference; lastKnownFileType = text.plist.xml; path = Info.plist; sourceTree = "<group>"; };
		B9D854CB1DAC8BE2001AD79C /* FuLingOnline-CheerforAndLearningTests.xctest */ = {isa = PBXFileReference; explicitFileType = wrapper.cfbundle; includeInIndex = 0; path = "FuLingOnline-CheerforAndLearningTests.xctest"; sourceTree = BUILT_PRODUCTS_DIR; };
		B9D854CF1DAC8BE2001AD79C /* FuLingOnline_CheerforAndLearningTests.m */ = {isa = PBXFileReference; lastKnownFileType = sourcecode.c.objc; path = FuLingOnline_CheerforAndLearningTests.m; sourceTree = "<group>"; };
		B9D854D11DAC8BE2001AD79C /* Info.plist */ = {isa = PBXFileReference; lastKnownFileType = text.plist.xml; path = Info.plist; sourceTree = "<group>"; };
		B9D854D61DAC8BE2001AD79C /* FuLingOnline-CheerforAndLearningUITests.xctest */ = {isa = PBXFileReference; explicitFileType = wrapper.cfbundle; includeInIndex = 0; path = "FuLingOnline-CheerforAndLearningUITests.xctest"; sourceTree = BUILT_PRODUCTS_DIR; };
		B9D854DA1DAC8BE2001AD79C /* FuLingOnline_CheerforAndLearningUITests.m */ = {isa = PBXFileReference; lastKnownFileType = sourcecode.c.objc; path = FuLingOnline_CheerforAndLearningUITests.m; sourceTree = "<group>"; };
		B9D854DC1DAC8BE2001AD79C /* Info.plist */ = {isa = PBXFileReference; lastKnownFileType = text.plist.xml; path = Info.plist; sourceTree = "<group>"; };
		B9DF70731DAF76E7004C23E6 /* FLXKHttpRequest.h */ = {isa = PBXFileReference; fileEncoding = 4; lastKnownFileType = sourcecode.c.h; path = FLXKHttpRequest.h; sourceTree = "<group>"; };
		B9DF70741DAF76E7004C23E6 /* FLXKHttpRequest.m */ = {isa = PBXFileReference; fileEncoding = 4; lastKnownFileType = sourcecode.c.objc; path = FLXKHttpRequest.m; sourceTree = "<group>"; };
		B9DF70761DAF76E7004C23E6 /* FLXKSocketHelper.h */ = {isa = PBXFileReference; fileEncoding = 4; lastKnownFileType = sourcecode.c.h; path = FLXKSocketHelper.h; sourceTree = "<group>"; };
		B9DF70771DAF76E7004C23E6 /* FLXKSocketHelper.m */ = {isa = PBXFileReference; fileEncoding = 4; lastKnownFileType = sourcecode.c.objc; path = FLXKSocketHelper.m; sourceTree = "<group>"; };
		B9DF707B1DAF78F5004C23E6 /* AppConfig.h */ = {isa = PBXFileReference; fileEncoding = 4; lastKnownFileType = sourcecode.c.h; path = AppConfig.h; sourceTree = "<group>"; };
		B9F9A2EC1DB7359A002B1626 /* CodeBack.h */ = {isa = PBXFileReference; lastKnownFileType = sourcecode.c.h; path = CodeBack.h; sourceTree = "<group>"; };
/* End PBXFileReference section */

/* Begin PBXFrameworksBuildPhase section */
		B9D854AF1DAC8BE2001AD79C /* Frameworks */ = {
			isa = PBXFrameworksBuildPhase;
			buildActionMask = 2147483647;
			files = (
				483ACC2EC35E7BF36AA3D9D7 /* libPods-FuLingOnline-CheerforAndLearning.a in Frameworks */,
			);
			runOnlyForDeploymentPostprocessing = 0;
		};
		B9D854C81DAC8BE2001AD79C /* Frameworks */ = {
			isa = PBXFrameworksBuildPhase;
			buildActionMask = 2147483647;
			files = (
			);
			runOnlyForDeploymentPostprocessing = 0;
		};
		B9D854D31DAC8BE2001AD79C /* Frameworks */ = {
			isa = PBXFrameworksBuildPhase;
			buildActionMask = 2147483647;
			files = (
			);
			runOnlyForDeploymentPostprocessing = 0;
		};
/* End PBXFrameworksBuildPhase section */

/* Begin PBXGroup section */
		41F46BC93DB4219428C97CC3 /* Pods */ = {
			isa = PBXGroup;
			children = (
				29C56B35CBB4500AD771DE78 /* Pods-FuLingOnline-CheerforAndLearning.debug.xcconfig */,
				5F5B72A2F25635274EB9364D /* Pods-FuLingOnline-CheerforAndLearning.release.xcconfig */,
			);
			name = Pods;
			sourceTree = "<group>";
		};
		73427F28B1AE73D37DB133B0 /* Frameworks */ = {
			isa = PBXGroup;
			children = (
				52C276BA2D1AFFC158619EE2 /* libPods-FuLingOnline-CheerforAndLearning.a */,
			);
			name = Frameworks;
			sourceTree = "<group>";
		};
		B900237B1DAE1E8300B34438 /* ToolKitty */ = {
			isa = PBXGroup;
			children = (
				B92B55B61DD97F4E009A373A /* FLXK+Addition */,
				B92B55AF1DD96651009A373A /* FLXKAnimationHelper */,
				B9DF70711DAF76E7004C23E6 /* FLXKNetworkHelper */,
			);
			path = ToolKitty;
			sourceTree = "<group>";
		};
		B900258E1DAE1E9100B34438 /* Entity */ = {
			isa = PBXGroup;
			children = (
			);
			path = Entity;
			sourceTree = "<group>";
		};
		B900258F1DAE1E9A00B34438 /* Config */ = {
			isa = PBXGroup;
			children = (
				B923B4D61DDACE6E00410CFC /* FuLingOnline-CheerforAndLearning-Prefix.pch */,
				B923B4D51DDABC9D00410CFC /* Global.h */,
				B9DF707B1DAF78F5004C23E6 /* AppConfig.h */,
				B94E83DE1DCC92DD00D2823B /* BaseConfig.h */,
				B9F9A2EC1DB7359A002B1626 /* CodeBack.h */,
				B94E83DF1DCC942A00D2823B /* ProjectRecordNote.rtf */,
				B97B38DC1DD029D400D8F004 /* 临时草稿.rtf */,
				B97B38DD1DD029D400D8F004 /* 整体逻辑思路.rtf */,
				B97B38DE1DD029D400D8F004 /* 重点难点.rtf */,
			);
			path = Config;
			sourceTree = "<group>";
		};
		B90025901DAE1EA500B34438 /* Category */ = {
			isa = PBXGroup;
			children = (
			);
			path = Category;
			sourceTree = "<group>";
		};
		B90025911DAE1EB100B34438 /* Resource */ = {
			isa = PBXGroup;
			children = (
				B90025921DAE1EB100B34438 /* Bundle */,
				B90025931DAE1EB100B34438 /* Image */,
				B90025941DAE1EB100B34438 /* Voice */,
			);
			path = Resource;
			sourceTree = "<group>";
		};
		B90025921DAE1EB100B34438 /* Bundle */ = {
			isa = PBXGroup;
			children = (
				B948CBE91DD5C7A800E6ED93 /* Settings.bundle */,
			);
			path = Bundle;
			sourceTree = "<group>";
		};
		B90025931DAE1EB100B34438 /* Image */ = {
			isa = PBXGroup;
			children = (
			);
			path = Image;
			sourceTree = "<group>";
		};
		B90025941DAE1EB100B34438 /* Voice */ = {
			isa = PBXGroup;
			children = (
			);
			path = Voice;
			sourceTree = "<group>";
		};
		B90025951DAE1EC000B34438 /* ViewController */ = {
			isa = PBXGroup;
			children = (
			);
			path = ViewController;
			sourceTree = "<group>";
		};
		B90025961DAE1EEB00B34438 /* Module */ = {
			isa = PBXGroup;
			children = (
			);
			path = Module;
			sourceTree = "<group>";
		};
		B92B55AF1DD96651009A373A /* FLXKAnimationHelper */ = {
			isa = PBXGroup;
			children = (
				B92B55B31DD9679E009A373A /* CALayer+FLXKAddition.h */,
				B92B55B41DD9679E009A373A /* CALayer+FLXKAddition.m */,
			);
			path = FLXKAnimationHelper;
			sourceTree = "<group>";
		};
		B92B55B61DD97F4E009A373A /* FLXK+Addition */ = {
			isa = PBXGroup;
			children = (
				B92B55B71DD98099009A373A /* UIColor+Extensions.h */,
				B92B55B81DD98099009A373A /* UIColor+Extensions.m */,
				B92B55B91DD98099009A373A /* UIView+Extensions.h */,
				B92B55BA1DD98099009A373A /* UIView+Extensions.m */,
			);
			path = "FLXK+Addition";
			sourceTree = "<group>";
		};
		B97B38D81DD014F300D8F004 /* Model */ = {
			isa = PBXGroup;
			children = (
				B97B38D91DD0152800D8F004 /* FLXKAdImageInfoModel.h */,
				B97B38DA1DD0152800D8F004 /* FLXKAdImageInfoModel.m */,
			);
			path = Model;
			sourceTree = "<group>";
		};
		B9D854A91DAC8BE2001AD79C = {
			isa = PBXGroup;
			children = (
				B9D854B41DAC8BE2001AD79C /* FuLingOnline-CheerforAndLearning */,
				B9D854CE1DAC8BE2001AD79C /* FuLingOnline-CheerforAndLearningTests */,
				B9D854D91DAC8BE2001AD79C /* FuLingOnline-CheerforAndLearningUITests */,
				B9D854B31DAC8BE2001AD79C /* Products */,
				41F46BC93DB4219428C97CC3 /* Pods */,
				73427F28B1AE73D37DB133B0 /* Frameworks */,
			);
			sourceTree = "<group>";
		};
		B9D854B31DAC8BE2001AD79C /* Products */ = {
			isa = PBXGroup;
			children = (
				B9D854B21DAC8BE2001AD79C /* FuLingOnline-CheerforAndLearning.app */,
				B9D854CB1DAC8BE2001AD79C /* FuLingOnline-CheerforAndLearningTests.xctest */,
				B9D854D61DAC8BE2001AD79C /* FuLingOnline-CheerforAndLearningUITests.xctest */,
			);
			name = Products;
			sourceTree = "<group>";
		};
		B9D854B41DAC8BE2001AD79C /* FuLingOnline-CheerforAndLearning */ = {
			isa = PBXGroup;
			children = (
				B9D854B81DAC8BE2001AD79C /* AppDelegate.h */,
				B9D854B91DAC8BE2001AD79C /* AppDelegate.m */,
				B900259A1DAE244A00B34438 /* FLXKAppNotification.h */,
				B900259B1DAE244A00B34438 /* FLXKAppNotification.m */,
				B94BD6881DAE40560094CA9D /* FLXKLaunchViewController.h */,
				B94BD6891DAE40560094CA9D /* FLXKLaunchViewController.m */,
				B94E83DC1DCC8B2900D2823B /* FLXKLaunchViewController.storyboard */,
				B9D854BB1DAC8BE2001AD79C /* ViewController.h */,
				B9D854BC1DAC8BE2001AD79C /* ViewController.m */,
				B9D854BE1DAC8BE2001AD79C /* Main.storyboard */,
				B9D854C31DAC8BE2001AD79C /* LaunchScreen.storyboard */,
				B9D854C61DAC8BE2001AD79C /* Info.plist */,
				B94BD68F1DAE480C0094CA9D /* images.xcassets */,
				B900258F1DAE1E9A00B34438 /* Config */,
				B900258E1DAE1E9100B34438 /* Entity */,
				B97B38D81DD014F300D8F004 /* Model */,
				B90025961DAE1EEB00B34438 /* Module */,
				B90025901DAE1EA500B34438 /* Category */,
				B900237B1DAE1E8300B34438 /* ToolKitty */,
				B90025951DAE1EC000B34438 /* ViewController */,
				B90025911DAE1EB100B34438 /* Resource */,
				B9D854B51DAC8BE2001AD79C /* Supporting Files */,
				B90025971DAE21F300B34438 /* FuLingOnline-CheerforAndLearning-Bridging-Header.h */,
			);
			path = "FuLingOnline-CheerforAndLearning";
			sourceTree = "<group>";
		};
		B9D854B51DAC8BE2001AD79C /* Supporting Files */ = {
			isa = PBXGroup;
			children = (
				B9D854B61DAC8BE2001AD79C /* main.m */,
			);
			name = "Supporting Files";
			sourceTree = "<group>";
		};
		B9D854CE1DAC8BE2001AD79C /* FuLingOnline-CheerforAndLearningTests */ = {
			isa = PBXGroup;
			children = (
				B9D854CF1DAC8BE2001AD79C /* FuLingOnline_CheerforAndLearningTests.m */,
				B9D854D11DAC8BE2001AD79C /* Info.plist */,
			);
			path = "FuLingOnline-CheerforAndLearningTests";
			sourceTree = "<group>";
		};
		B9D854D91DAC8BE2001AD79C /* FuLingOnline-CheerforAndLearningUITests */ = {
			isa = PBXGroup;
			children = (
				B9D854DA1DAC8BE2001AD79C /* FuLingOnline_CheerforAndLearningUITests.m */,
				B9D854DC1DAC8BE2001AD79C /* Info.plist */,
			);
			path = "FuLingOnline-CheerforAndLearningUITests";
			sourceTree = "<group>";
		};
		B9DF70711DAF76E7004C23E6 /* FLXKNetworkHelper */ = {
			isa = PBXGroup;
			children = (
				B9DF70721DAF76E7004C23E6 /* FLXKHttpHelper */,
				B9DF70751DAF76E7004C23E6 /* FLXKSocketHelper */,
			);
			path = FLXKNetworkHelper;
			sourceTree = "<group>";
		};
		B9DF70721DAF76E7004C23E6 /* FLXKHttpHelper */ = {
			isa = PBXGroup;
			children = (
				B9DF70731DAF76E7004C23E6 /* FLXKHttpRequest.h */,
				B9DF70741DAF76E7004C23E6 /* FLXKHttpRequest.m */,
				B9232F591DC6D698002D80FE /* FLXKHttpRequest副本.h */,
				B9232F5A1DC6D698002D80FE /* FLXKHttpRequest副本.m */,
			);
			path = FLXKHttpHelper;
			sourceTree = "<group>";
		};
		B9DF70751DAF76E7004C23E6 /* FLXKSocketHelper */ = {
			isa = PBXGroup;
			children = (
				B9DF70761DAF76E7004C23E6 /* FLXKSocketHelper.h */,
				B9DF70771DAF76E7004C23E6 /* FLXKSocketHelper.m */,
			);
			path = FLXKSocketHelper;
			sourceTree = "<group>";
		};
/* End PBXGroup section */

/* Begin PBXNativeTarget section */
		B9D854B11DAC8BE2001AD79C /* FuLingOnline-CheerforAndLearning */ = {
			isa = PBXNativeTarget;
			buildConfigurationList = B9D854DF1DAC8BE2001AD79C /* Build configuration list for PBXNativeTarget "FuLingOnline-CheerforAndLearning" */;
			buildPhases = (
				51D2F220072F338FA406E906 /* Check Pods Manifest.lock */,
				B9D854AE1DAC8BE2001AD79C /* Sources */,
				B9D854AF1DAC8BE2001AD79C /* Frameworks */,
				B9D854B01DAC8BE2001AD79C /* Resources */,
				8EA8023138C20737CAEE0A31 /* Embed Pods Frameworks */,
				C259388CFE11B10373E9554D /* Copy Pods Resources */,
			);
			buildRules = (
			);
			dependencies = (
			);
			name = "FuLingOnline-CheerforAndLearning";
			productName = "FuLingOnline-CheerforAndLearning";
			productReference = B9D854B21DAC8BE2001AD79C /* FuLingOnline-CheerforAndLearning.app */;
			productType = "com.apple.product-type.application";
		};
		B9D854CA1DAC8BE2001AD79C /* FuLingOnline-CheerforAndLearningTests */ = {
			isa = PBXNativeTarget;
			buildConfigurationList = B9D854E21DAC8BE2001AD79C /* Build configuration list for PBXNativeTarget "FuLingOnline-CheerforAndLearningTests" */;
			buildPhases = (
				B9D854C71DAC8BE2001AD79C /* Sources */,
				B9D854C81DAC8BE2001AD79C /* Frameworks */,
				B9D854C91DAC8BE2001AD79C /* Resources */,
			);
			buildRules = (
			);
			dependencies = (
				B9D854CD1DAC8BE2001AD79C /* PBXTargetDependency */,
			);
			name = "FuLingOnline-CheerforAndLearningTests";
			productName = "FuLingOnline-CheerforAndLearningTests";
			productReference = B9D854CB1DAC8BE2001AD79C /* FuLingOnline-CheerforAndLearningTests.xctest */;
			productType = "com.apple.product-type.bundle.unit-test";
		};
		B9D854D51DAC8BE2001AD79C /* FuLingOnline-CheerforAndLearningUITests */ = {
			isa = PBXNativeTarget;
			buildConfigurationList = B9D854E51DAC8BE2001AD79C /* Build configuration list for PBXNativeTarget "FuLingOnline-CheerforAndLearningUITests" */;
			buildPhases = (
				B9D854D21DAC8BE2001AD79C /* Sources */,
				B9D854D31DAC8BE2001AD79C /* Frameworks */,
				B9D854D41DAC8BE2001AD79C /* Resources */,
			);
			buildRules = (
			);
			dependencies = (
				B9D854D81DAC8BE2001AD79C /* PBXTargetDependency */,
			);
			name = "FuLingOnline-CheerforAndLearningUITests";
			productName = "FuLingOnline-CheerforAndLearningUITests";
			productReference = B9D854D61DAC8BE2001AD79C /* FuLingOnline-CheerforAndLearningUITests.xctest */;
			productType = "com.apple.product-type.bundle.ui-testing";
		};
/* End PBXNativeTarget section */

/* Begin PBXProject section */
		B9D854AA1DAC8BE2001AD79C /* Project object */ = {
			isa = PBXProject;
			attributes = {
				CLASSPREFIX = FLXK;
				LastUpgradeCheck = 0730;
				ORGANIZATIONNAME = com.FuLing;
				TargetAttributes = {
					B9D854B11DAC8BE2001AD79C = {
						CreatedOnToolsVersion = 7.3.1;
						DevelopmentTeam = TQ772LEHW3;
					};
					B9D854CA1DAC8BE2001AD79C = {
						CreatedOnToolsVersion = 7.3.1;
						TestTargetID = B9D854B11DAC8BE2001AD79C;
					};
					B9D854D51DAC8BE2001AD79C = {
						CreatedOnToolsVersion = 7.3.1;
						TestTargetID = B9D854B11DAC8BE2001AD79C;
					};
				};
			};
			buildConfigurationList = B9D854AD1DAC8BE2001AD79C /* Build configuration list for PBXProject "FuLingOnline-CheerforAndLearning" */;
			compatibilityVersion = "Xcode 3.2";
			developmentRegion = English;
			hasScannedForEncodings = 0;
			knownRegions = (
				en,
				Base,
			);
			mainGroup = B9D854A91DAC8BE2001AD79C;
			productRefGroup = B9D854B31DAC8BE2001AD79C /* Products */;
			projectDirPath = "";
			projectRoot = "";
			targets = (
				B9D854B11DAC8BE2001AD79C /* FuLingOnline-CheerforAndLearning */,
				B9D854CA1DAC8BE2001AD79C /* FuLingOnline-CheerforAndLearningTests */,
				B9D854D51DAC8BE2001AD79C /* FuLingOnline-CheerforAndLearningUITests */,
			);
		};
/* End PBXProject section */

/* Begin PBXResourcesBuildPhase section */
		B9D854B01DAC8BE2001AD79C /* Resources */ = {
			isa = PBXResourcesBuildPhase;
			buildActionMask = 2147483647;
			files = (
				B94BD6901DAE480C0094CA9D /* images.xcassets in Resources */,
				B94E83E01DCC942A00D2823B /* ProjectRecordNote.rtf in Resources */,
				B94E83DD1DCC8B2900D2823B /* FLXKLaunchViewController.storyboard in Resources */,
				B97B38E01DD029D400D8F004 /* 整体逻辑思路.rtf in Resources */,
				B9D854C51DAC8BE2001AD79C /* LaunchScreen.storyboard in Resources */,
				B97B38DF1DD029D400D8F004 /* 临时草稿.rtf in Resources */,
				B9D854C01DAC8BE2001AD79C /* Main.storyboard in Resources */,
				B948CBEA1DD5C7A800E6ED93 /* Settings.bundle in Resources */,
				B97B38E11DD029D400D8F004 /* 重点难点.rtf in Resources */,
			);
			runOnlyForDeploymentPostprocessing = 0;
		};
		B9D854C91DAC8BE2001AD79C /* Resources */ = {
			isa = PBXResourcesBuildPhase;
			buildActionMask = 2147483647;
			files = (
			);
			runOnlyForDeploymentPostprocessing = 0;
		};
		B9D854D41DAC8BE2001AD79C /* Resources */ = {
			isa = PBXResourcesBuildPhase;
			buildActionMask = 2147483647;
			files = (
			);
			runOnlyForDeploymentPostprocessing = 0;
		};
/* End PBXResourcesBuildPhase section */

/* Begin PBXShellScriptBuildPhase section */
		51D2F220072F338FA406E906 /* Check Pods Manifest.lock */ = {
			isa = PBXShellScriptBuildPhase;
			buildActionMask = 2147483647;
			files = (
			);
			inputPaths = (
			);
			name = "Check Pods Manifest.lock";
			outputPaths = (
			);
			runOnlyForDeploymentPostprocessing = 0;
			shellPath = /bin/sh;
			shellScript = "diff \"${PODS_ROOT}/../Podfile.lock\" \"${PODS_ROOT}/Manifest.lock\" > /dev/null\nif [[ $? != 0 ]] ; then\n    cat << EOM\nerror: The sandbox is not in sync with the Podfile.lock. Run 'pod install' or update your CocoaPods installation.\nEOM\n    exit 1\nfi\n";
			showEnvVarsInLog = 0;
		};
		8EA8023138C20737CAEE0A31 /* Embed Pods Frameworks */ = {
			isa = PBXShellScriptBuildPhase;
			buildActionMask = 2147483647;
			files = (
			);
			inputPaths = (
			);
			name = "Embed Pods Frameworks";
			outputPaths = (
			);
			runOnlyForDeploymentPostprocessing = 0;
			shellPath = /bin/sh;
			shellScript = "\"${SRCROOT}/Pods/Target Support Files/Pods-FuLingOnline-CheerforAndLearning/Pods-FuLingOnline-CheerforAndLearning-frameworks.sh\"\n";
			showEnvVarsInLog = 0;
		};
		C259388CFE11B10373E9554D /* Copy Pods Resources */ = {
			isa = PBXShellScriptBuildPhase;
			buildActionMask = 2147483647;
			files = (
			);
			inputPaths = (
			);
			name = "Copy Pods Resources";
			outputPaths = (
			);
			runOnlyForDeploymentPostprocessing = 0;
			shellPath = /bin/sh;
			shellScript = "\"${SRCROOT}/Pods/Target Support Files/Pods-FuLingOnline-CheerforAndLearning/Pods-FuLingOnline-CheerforAndLearning-resources.sh\"\n";
			showEnvVarsInLog = 0;
		};
/* End PBXShellScriptBuildPhase section */

/* Begin PBXSourcesBuildPhase section */
		B9D854AE1DAC8BE2001AD79C /* Sources */ = {
			isa = PBXSourcesBuildPhase;
			buildActionMask = 2147483647;
			files = (
				B9DF70791DAF76E7004C23E6 /* FLXKSocketHelper.m in Sources */,
				B900259C1DAE244A00B34438 /* FLXKAppNotification.m in Sources */,
				B92B55B51DD9679E009A373A /* CALayer+FLXKAddition.m in Sources */,
				B97B38DB1DD0152800D8F004 /* FLXKAdImageInfoModel.m in Sources */,
				B9D854BD1DAC8BE2001AD79C /* ViewController.m in Sources */,
				B9DF70781DAF76E7004C23E6 /* FLXKHttpRequest.m in Sources */,
				B92B55BB1DD98099009A373A /* UIColor+Extensions.m in Sources */,
				B94BD68A1DAE40560094CA9D /* FLXKLaunchViewController.m in Sources */,
				B9D854BA1DAC8BE2001AD79C /* AppDelegate.m in Sources */,
				B9D854B71DAC8BE2001AD79C /* main.m in Sources */,
				B92B55BC1DD98099009A373A /* UIView+Extensions.m in Sources */,
				B9232F5B1DC6D698002D80FE /* FLXKHttpRequest副本.m in Sources */,
			);
			runOnlyForDeploymentPostprocessing = 0;
		};
		B9D854C71DAC8BE2001AD79C /* Sources */ = {
			isa = PBXSourcesBuildPhase;
			buildActionMask = 2147483647;
			files = (
				B9D854D01DAC8BE2001AD79C /* FuLingOnline_CheerforAndLearningTests.m in Sources */,
			);
			runOnlyForDeploymentPostprocessing = 0;
		};
		B9D854D21DAC8BE2001AD79C /* Sources */ = {
			isa = PBXSourcesBuildPhase;
			buildActionMask = 2147483647;
			files = (
				B9D854DB1DAC8BE2001AD79C /* FuLingOnline_CheerforAndLearningUITests.m in Sources */,
			);
			runOnlyForDeploymentPostprocessing = 0;
		};
/* End PBXSourcesBuildPhase section */

/* Begin PBXTargetDependency section */
		B9D854CD1DAC8BE2001AD79C /* PBXTargetDependency */ = {
			isa = PBXTargetDependency;
			target = B9D854B11DAC8BE2001AD79C /* FuLingOnline-CheerforAndLearning */;
			targetProxy = B9D854CC1DAC8BE2001AD79C /* PBXContainerItemProxy */;
		};
		B9D854D81DAC8BE2001AD79C /* PBXTargetDependency */ = {
			isa = PBXTargetDependency;
			target = B9D854B11DAC8BE2001AD79C /* FuLingOnline-CheerforAndLearning */;
			targetProxy = B9D854D71DAC8BE2001AD79C /* PBXContainerItemProxy */;
		};
/* End PBXTargetDependency section */

/* Begin PBXVariantGroup section */
		B9D854BE1DAC8BE2001AD79C /* Main.storyboard */ = {
			isa = PBXVariantGroup;
			children = (
				B9D854BF1DAC8BE2001AD79C /* Base */,
			);
			name = Main.storyboard;
			sourceTree = "<group>";
		};
		B9D854C31DAC8BE2001AD79C /* LaunchScreen.storyboard */ = {
			isa = PBXVariantGroup;
			children = (
				B9D854C41DAC8BE2001AD79C /* Base */,
			);
			name = LaunchScreen.storyboard;
			sourceTree = "<group>";
		};
/* End PBXVariantGroup section */

/* Begin XCBuildConfiguration section */
		B9D854DD1DAC8BE2001AD79C /* Debug */ = {
			isa = XCBuildConfiguration;
			buildSettings = {
				ALWAYS_SEARCH_USER_PATHS = NO;
				CLANG_ANALYZER_NONNULL = YES;
				CLANG_CXX_LANGUAGE_STANDARD = "gnu++0x";
				CLANG_CXX_LIBRARY = "libc++";
				CLANG_ENABLE_MODULES = YES;
				CLANG_ENABLE_OBJC_ARC = YES;
				CLANG_WARN_BOOL_CONVERSION = YES;
				CLANG_WARN_CONSTANT_CONVERSION = YES;
				CLANG_WARN_DIRECT_OBJC_ISA_USAGE = YES_ERROR;
				CLANG_WARN_EMPTY_BODY = YES;
				CLANG_WARN_ENUM_CONVERSION = YES;
				CLANG_WARN_INT_CONVERSION = YES;
				CLANG_WARN_OBJC_ROOT_CLASS = YES_ERROR;
				CLANG_WARN_UNREACHABLE_CODE = YES;
				CLANG_WARN__DUPLICATE_METHOD_MATCH = YES;
				"CODE_SIGN_IDENTITY[sdk=iphoneos*]" = "iPhone Developer";
				COPY_PHASE_STRIP = NO;
				DEBUG_INFORMATION_FORMAT = dwarf;
				ENABLE_STRICT_OBJC_MSGSEND = YES;
				ENABLE_TESTABILITY = YES;
				GCC_C_LANGUAGE_STANDARD = gnu99;
				GCC_DYNAMIC_NO_PIC = NO;
				GCC_NO_COMMON_BLOCKS = YES;
				GCC_OPTIMIZATION_LEVEL = 0;
				GCC_PREPROCESSOR_DEFINITIONS = (
					"DEBUG=1",
					"$(inherited)",
				);
				GCC_WARN_64_TO_32_BIT_CONVERSION = YES;
				GCC_WARN_ABOUT_RETURN_TYPE = YES_ERROR;
				GCC_WARN_UNDECLARED_SELECTOR = YES;
				GCC_WARN_UNINITIALIZED_AUTOS = YES_AGGRESSIVE;
				GCC_WARN_UNUSED_FUNCTION = YES;
				GCC_WARN_UNUSED_VARIABLE = YES;
				IPHONEOS_DEPLOYMENT_TARGET = 9.3;
				MTL_ENABLE_DEBUG_INFO = YES;
				ONLY_ACTIVE_ARCH = YES;
				SDKROOT = iphoneos;
				TARGETED_DEVICE_FAMILY = "1,2";
			};
			name = Debug;
		};
		B9D854DE1DAC8BE2001AD79C /* Release */ = {
			isa = XCBuildConfiguration;
			buildSettings = {
				ALWAYS_SEARCH_USER_PATHS = NO;
				CLANG_ANALYZER_NONNULL = YES;
				CLANG_CXX_LANGUAGE_STANDARD = "gnu++0x";
				CLANG_CXX_LIBRARY = "libc++";
				CLANG_ENABLE_MODULES = YES;
				CLANG_ENABLE_OBJC_ARC = YES;
				CLANG_WARN_BOOL_CONVERSION = YES;
				CLANG_WARN_CONSTANT_CONVERSION = YES;
				CLANG_WARN_DIRECT_OBJC_ISA_USAGE = YES_ERROR;
				CLANG_WARN_EMPTY_BODY = YES;
				CLANG_WARN_ENUM_CONVERSION = YES;
				CLANG_WARN_INT_CONVERSION = YES;
				CLANG_WARN_OBJC_ROOT_CLASS = YES_ERROR;
				CLANG_WARN_UNREACHABLE_CODE = YES;
				CLANG_WARN__DUPLICATE_METHOD_MATCH = YES;
				"CODE_SIGN_IDENTITY[sdk=iphoneos*]" = "iPhone Developer";
				COPY_PHASE_STRIP = NO;
				DEBUG_INFORMATION_FORMAT = "dwarf-with-dsym";
				ENABLE_NS_ASSERTIONS = NO;
				ENABLE_STRICT_OBJC_MSGSEND = YES;
				GCC_C_LANGUAGE_STANDARD = gnu99;
				GCC_NO_COMMON_BLOCKS = YES;
				GCC_WARN_64_TO_32_BIT_CONVERSION = YES;
				GCC_WARN_ABOUT_RETURN_TYPE = YES_ERROR;
				GCC_WARN_UNDECLARED_SELECTOR = YES;
				GCC_WARN_UNINITIALIZED_AUTOS = YES_AGGRESSIVE;
				GCC_WARN_UNUSED_FUNCTION = YES;
				GCC_WARN_UNUSED_VARIABLE = YES;
				IPHONEOS_DEPLOYMENT_TARGET = 9.3;
				MTL_ENABLE_DEBUG_INFO = NO;
				SDKROOT = iphoneos;
				TARGETED_DEVICE_FAMILY = "1,2";
				VALIDATE_PRODUCT = YES;
			};
			name = Release;
		};
		B9D854E01DAC8BE2001AD79C /* Debug */ = {
			isa = XCBuildConfiguration;
			baseConfigurationReference = 29C56B35CBB4500AD771DE78 /* Pods-FuLingOnline-CheerforAndLearning.debug.xcconfig */;
			buildSettings = {
				ASSETCATALOG_COMPILER_APPICON_NAME = AppIcon;
				CLANG_ENABLE_MODULES = YES;
				CODE_SIGN_IDENTITY = "iPhone Developer";
				DEVELOPMENT_TEAM = UMWN7VGEE4;
				GCC_PRECOMPILE_PREFIX_HEADER = YES;
				GCC_PREFIX_HEADER = "$(SRCROOT)/FuLingOnline-CheerforAndLearning/Config/FuLingOnline-CheerforAndLearning-Prefix.pch";
				INFOPLIST_FILE = "FuLingOnline-CheerforAndLearning/Info.plist";
				IPHONEOS_DEPLOYMENT_TARGET = 8.4;
				LD_RUNPATH_SEARCH_PATHS = "$(inherited) @executable_path/Frameworks";
				PRODUCT_BUNDLE_IDENTIFIER = "com.psylife.FuLingOnline-CheerforAndLearning";
				PRODUCT_NAME = "$(TARGET_NAME)";
				SWIFT_OBJC_BRIDGING_HEADER = "FuLingOnline-CheerforAndLearning/FuLingOnline-CheerforAndLearning-Bridging-Header.h";
				SWIFT_OPTIMIZATION_LEVEL = "-Onone";
			};
			name = Debug;
		};
		B9D854E11DAC8BE2001AD79C /* Release */ = {
			isa = XCBuildConfiguration;
			baseConfigurationReference = 5F5B72A2F25635274EB9364D /* Pods-FuLingOnline-CheerforAndLearning.release.xcconfig */;
			buildSettings = {
				ASSETCATALOG_COMPILER_APPICON_NAME = AppIcon;
				CLANG_ENABLE_MODULES = YES;
				CODE_SIGN_IDENTITY = "iPhone Developer";
				DEVELOPMENT_TEAM = UMWN7VGEE4;
				GCC_PRECOMPILE_PREFIX_HEADER = YES;
				GCC_PREFIX_HEADER = "$(SRCROOT)/FuLingOnline-CheerforAndLearning/Config/FuLingOnline-CheerforAndLearning-Prefix.pch";
				INFOPLIST_FILE = "FuLingOnline-CheerforAndLearning/Info.plist";
				IPHONEOS_DEPLOYMENT_TARGET = 8.4;
				LD_RUNPATH_SEARCH_PATHS = "$(inherited) @executable_path/Frameworks";
				PRODUCT_BUNDLE_IDENTIFIER = "com.psylife.FuLingOnline-CheerforAndLearning";
				PRODUCT_NAME = "$(TARGET_NAME)";
				SWIFT_OBJC_BRIDGING_HEADER = "FuLingOnline-CheerforAndLearning/FuLingOnline-CheerforAndLearning-Bridging-Header.h";
			};
			name = Release;
		};
		B9D854E31DAC8BE2001AD79C /* Debug */ = {
			isa = XCBuildConfiguration;
			buildSettings = {
				BUNDLE_LOADER = "$(TEST_HOST)";
				INFOPLIST_FILE = "FuLingOnline-CheerforAndLearningTests/Info.plist";
				LD_RUNPATH_SEARCH_PATHS = "$(inherited) @executable_path/Frameworks @loader_path/Frameworks";
				PRODUCT_BUNDLE_IDENTIFIER = "com.psylife.FuLingOnline-CheerforAndLearningTests";
				PRODUCT_NAME = "$(TARGET_NAME)";
				TEST_HOST = "$(BUILT_PRODUCTS_DIR)/FuLingOnline-CheerforAndLearning.app/FuLingOnline-CheerforAndLearning";
			};
			name = Debug;
		};
		B9D854E41DAC8BE2001AD79C /* Release */ = {
			isa = XCBuildConfiguration;
			buildSettings = {
				BUNDLE_LOADER = "$(TEST_HOST)";
				INFOPLIST_FILE = "FuLingOnline-CheerforAndLearningTests/Info.plist";
				LD_RUNPATH_SEARCH_PATHS = "$(inherited) @executable_path/Frameworks @loader_path/Frameworks";
				PRODUCT_BUNDLE_IDENTIFIER = "com.psylife.FuLingOnline-CheerforAndLearningTests";
				PRODUCT_NAME = "$(TARGET_NAME)";
				TEST_HOST = "$(BUILT_PRODUCTS_DIR)/FuLingOnline-CheerforAndLearning.app/FuLingOnline-CheerforAndLearning";
			};
			name = Release;
		};
		B9D854E61DAC8BE2001AD79C /* Debug */ = {
			isa = XCBuildConfiguration;
			buildSettings = {
				INFOPLIST_FILE = "FuLingOnline-CheerforAndLearningUITests/Info.plist";
				LD_RUNPATH_SEARCH_PATHS = "$(inherited) @executable_path/Frameworks @loader_path/Frameworks";
				PRODUCT_BUNDLE_IDENTIFIER = "com.psylife.FuLingOnline-CheerforAndLearningUITests";
				PRODUCT_NAME = "$(TARGET_NAME)";
				TEST_TARGET_NAME = "FuLingOnline-CheerforAndLearning";
			};
			name = Debug;
		};
		B9D854E71DAC8BE2001AD79C /* Release */ = {
			isa = XCBuildConfiguration;
			buildSettings = {
				INFOPLIST_FILE = "FuLingOnline-CheerforAndLearningUITests/Info.plist";
				LD_RUNPATH_SEARCH_PATHS = "$(inherited) @executable_path/Frameworks @loader_path/Frameworks";
				PRODUCT_BUNDLE_IDENTIFIER = "com.psylife.FuLingOnline-CheerforAndLearningUITests";
				PRODUCT_NAME = "$(TARGET_NAME)";
				TEST_TARGET_NAME = "FuLingOnline-CheerforAndLearning";
			};
			name = Release;
		};
/* End XCBuildConfiguration section */

/* Begin XCConfigurationList section */
		B9D854AD1DAC8BE2001AD79C /* Build configuration list for PBXProject "FuLingOnline-CheerforAndLearning" */ = {
			isa = XCConfigurationList;
			buildConfigurations = (
				B9D854DD1DAC8BE2001AD79C /* Debug */,
				B9D854DE1DAC8BE2001AD79C /* Release */,
			);
			defaultConfigurationIsVisible = 0;
			defaultConfigurationName = Release;
		};
		B9D854DF1DAC8BE2001AD79C /* Build configuration list for PBXNativeTarget "FuLingOnline-CheerforAndLearning" */ = {
			isa = XCConfigurationList;
			buildConfigurations = (
				B9D854E01DAC8BE2001AD79C /* Debug */,
				B9D854E11DAC8BE2001AD79C /* Release */,
			);
			defaultConfigurationIsVisible = 0;
			defaultConfigurationName = Release;
		};
		B9D854E21DAC8BE2001AD79C /* Build configuration list for PBXNativeTarget "FuLingOnline-CheerforAndLearningTests" */ = {
			isa = XCConfigurationList;
			buildConfigurations = (
				B9D854E31DAC8BE2001AD79C /* Debug */,
				B9D854E41DAC8BE2001AD79C /* Release */,
			);
			defaultConfigurationIsVisible = 0;
			defaultConfigurationName = Release;
		};
		B9D854E51DAC8BE2001AD79C /* Build configuration list for PBXNativeTarget "FuLingOnline-CheerforAndLearningUITests" */ = {
			isa = XCConfigurationList;
			buildConfigurations = (
				B9D854E61DAC8BE2001AD79C /* Debug */,
				B9D854E71DAC8BE2001AD79C /* Release */,
			);
			defaultConfigurationIsVisible = 0;
			defaultConfigurationName = Release;
		};
/* End XCConfigurationList section */
	};
	rootObject = B9D854AA1DAC8BE2001AD79C /* Project object */;
}
